
Microsoft Visual Studio Solution File, Format Version 12.00
# Visual Studio Version 17
VisualStudioVersion = 17.0.31903.59
MinimumVisualStudioVersion = 10.0.40219.1
Project("{FAE04EC0-301F-11D3-BF4B-00C04F79EFBC}") = "PokerDeck.App", "PokerDeck\PokerDeck.App.csproj", "{03247C19-91F5-458B-9484-DD710198B248}"
EndProject
Project("{FAE04EC0-301F-11D3-BF4B-00C04F79EFBC}") = "PokerDeck.Service.UnitTests", "PokerDeck.Service.UnitTests\PokerDeck.Service.UnitTests.csproj", "{43088216-68F7-422C-9E39-21231B9DE48A}"
EndProject
Project("{FAE04EC0-301F-11D3-BF4B-00C04F79EFBC}") = "PokerDeck.Domain", "PokerDeckService\PokerDeck.Domain.csproj", "{629606B0-1372-4C6A-B35F-3C1370456A17}"
EndProject
Global
	GlobalSection(SolutionConfigurationPlatforms) = preSolution
		Debug|Any CPU = Debug|Any CPU
		Release|Any CPU = Release|Any CPU
	EndGlobalSection
	GlobalSection(ProjectConfigurationPlatforms) = postSolution
		{03247C19-91F5-458B-9484-DD710198B248}.Debug|Any CPU.ActiveCfg = Debug|Any CPU
		{03247C19-91F5-458B-9484-DD710198B248}.Debug|Any CPU.Build.0 = Debug|Any CPU
		{03247C19-91F5-458B-9484-DD710198B248}.Release|Any CPU.ActiveCfg = Release|Any CPU
		{03247C19-91F5-458B-9484-DD710198B248}.Release|Any CPU.Build.0 = Release|Any CPU
		{43088216-68F7-422C-9E39-21231B9DE48A}.Debug|Any CPU.ActiveCfg = Debug|Any CPU
		{43088216-68F7-422C-9E39-21231B9DE48A}.Debug|Any CPU.Build.0 = Debug|Any CPU
		{43088216-68F7-422C-9E39-21231B9DE48A}.Release|Any CPU.ActiveCfg = Release|Any CPU
		{43088216-68F7-422C-9E39-21231B9DE48A}.Release|Any CPU.Build.0 = Release|Any CPU
		{629606B0-1372-4C6A-B35F-3C1370456A17}.Debug|Any CPU.ActiveCfg = Debug|Any CPU
		{629606B0-1372-4C6A-B35F-3C1370456A17}.Debug|Any CPU.Build.0 = Debug|Any CPU
		{629606B0-1372-4C6A-B35F-3C1370456A17}.Release|Any CPU.ActiveCfg = Release|Any CPU
		{629606B0-1372-4C6A-B35F-3C1370456A17}.Release|Any CPU.Build.0 = Release|Any CPU
	EndGlobalSection
	GlobalSection(SolutionProperties) = preSolution
		HideSolutionNode = FALSE
	EndGlobalSection
	GlobalSection(ExtensibilityGlobals) = postSolution
		SolutionGuid = {5D90834D-C794-43B8-8470-F7EA7CD04E07}
	EndGlobalSection
EndGlobal
